{
  "name": "task",
  "lockfileVersion": 2,
  "requires": true,
  "packages": {
    "": {
      "dependencies": {
        "@ckeditor/ckeditor5-build-classic": "^35.2.0"
      }
    },
    "node_modules/@ckeditor/ckeditor5-adapter-ckfinder": {
      "version": "35.2.0",
      "resolved": "https://registry.npmjs.org/@ckeditor/ckeditor5-adapter-ckfinder/-/ckeditor5-adapter-ckfinder-35.2.0.tgz",
      "integrity": "sha512-eSILBKbyigz1IGmxHjKJ1ZNQPTHUfUwILsJwSrqgx7j31lG1bEsj6U4H+pU+NCJhWh2J7wDhEegDGNZfSBDxCw==",
      "dependencies": {
        "ckeditor5": "^35.2.0"
      },
      "engines": {
        "node": ">=14.0.0",
        "npm": ">=5.7.1"
      }
    },
    "node_modules/@ckeditor/ckeditor5-autoformat": {
      "version": "35.2.0",
      "resolved": "https://registry.npmjs.org/@ckeditor/ckeditor5-autoformat/-/ckeditor5-autoformat-35.2.0.tgz",
      "integrity": "sha512-bV6LjT9oNx8Y65Gdgw6VjbWiY2At//m1lP8yMTCzBex8H1RzhlCun2JUnG5HNpWsZi9N7I0VzgMmxSKD8vw2/Q==",
      "dependencies": {
        "ckeditor5": "^35.2.0"
      },
      "engines": {
        "node": ">=14.0.0",
        "npm": ">=5.7.1"
      }
    },
    "node_modules/@ckeditor/ckeditor5-basic-styles": {
      "version": "35.2.0",
      "resolved": "https://registry.npmjs.org/@ckeditor/ckeditor5-basic-styles/-/ckeditor5-basic-styles-35.2.0.tgz",
      "integrity": "sha512-9Egcqh5M2fOCX1bScZEvtXsRSsB0k1Ly+KJ28T+y2C//DvmLi0ZG5Bj3cRpczlkdDql/xBDvgBdeHe5o7AEBnw==",
      "dependencies": {
        "ckeditor5": "^35.2.0"
      },
      "engines": {
        "node": ">=14.0.0",
        "npm": ">=5.7.1"
      }
    },
    "node_modules/@ckeditor/ckeditor5-block-quote": {
      "version": "35.2.0",
      "resolved": "https://registry.npmjs.org/@ckeditor/ckeditor5-block-quote/-/ckeditor5-block-quote-35.2.0.tgz",
      "integrity": "sha512-gomsgzZazciKAE2KZJk2DP4DGWqCeRFJVRu3t81Zv0gJ65Ktse1mZ1lMoEF86gBh4d1KZinporCkTVhdS4Ivqg==",
      "dependencies": {
        "ckeditor5": "^35.2.0"
      },
      "engines": {
        "node": ">=14.0.0",
        "npm": ">=5.7.1"
      }
    },
    "node_modules/@ckeditor/ckeditor5-build-classic": {
      "version": "35.2.0",
      "resolved": "https://registry.npmjs.org/@ckeditor/ckeditor5-build-classic/-/ckeditor5-build-classic-35.2.0.tgz",
      "integrity": "sha512-LTMwjrwdlcKJByMvOBSoWAUfkc39ClvrrRIjc6/Uj0mFv5XhyhIspegiMkIGRTjg5opzitY1GDLXygC3/WR6bQ==",
      "dependencies": {
        "@ckeditor/ckeditor5-adapter-ckfinder": "^35.2.0",
        "@ckeditor/ckeditor5-autoformat": "^35.2.0",
        "@ckeditor/ckeditor5-basic-styles": "^35.2.0",
        "@ckeditor/ckeditor5-block-quote": "^35.2.0",
        "@ckeditor/ckeditor5-ckbox": "^35.2.0",
        "@ckeditor/ckeditor5-ckfinder": "^35.2.0",
        "@ckeditor/ckeditor5-cloud-services": "^35.2.0",
        "@ckeditor/ckeditor5-easy-image": "^35.2.0",
        "@ckeditor/ckeditor5-editor-classic": "^35.2.0",
        "@ckeditor/ckeditor5-essentials": "^35.2.0",
        "@ckeditor/ckeditor5-heading": "^35.2.0",
        "@ckeditor/ckeditor5-image": "^35.2.0",
        "@ckeditor/ckeditor5-indent": "^35.2.0",
        "@ckeditor/ckeditor5-link": "^35.2.0",
        "@ckeditor/ckeditor5-list": "^35.2.0",
        "@ckeditor/ckeditor5-media-embed": "^35.2.0",
        "@ckeditor/ckeditor5-paragraph": "^35.2.0",
        "@ckeditor/ckeditor5-paste-from-office": "^35.2.0",
        "@ckeditor/ckeditor5-table": "^35.2.0",
        "@ckeditor/ckeditor5-typing": "^35.2.0"
      },
      "engines": {
        "node": ">=14.0.0",
        "npm": ">=5.7.1"
      }
    },
    "node_modules/@ckeditor/ckeditor5-ckbox": {
      "version": "35.2.0",
      "resolved": "https://registry.npmjs.org/@ckeditor/ckeditor5-ckbox/-/ckeditor5-ckbox-35.2.0.tgz",
      "integrity": "sha512-hmr5gSoa6n+7oJnW1CdrpqU47SJ9CxKVj0IiCFB07E/5AvtfFofWz5c+1FerX+u+nRzmsq94/vNMxqve57c9uA==",
      "dependencies": {
        "ckeditor5": "^35.2.0"
      },
      "engines": {
        "node": ">=14.0.0",
        "npm": ">=5.7.1"
      }
    },
    "node_modules/@ckeditor/ckeditor5-ckfinder": {
      "version": "35.2.0",
      "resolved": "https://registry.npmjs.org/@ckeditor/ckeditor5-ckfinder/-/ckeditor5-ckfinder-35.2.0.tgz",
      "integrity": "sha512-Xf/MlqEZEhp9xxrauGsFKa6MbYX0C7E6IYpR7UvP+IkRcpNJi1uKZHDvfPdfV30+X+aOPNePOyV9s5tdgteKkQ==",
      "dependencies": {
        "ckeditor5": "^35.2.0"
      },
      "engines": {
        "node": ">=14.0.0",
        "npm": ">=5.7.1"
      }
    },
    "node_modules/@ckeditor/ckeditor5-clipboard": {
      "version": "35.2.0",
      "resolved": "https://registry.npmjs.org/@ckeditor/ckeditor5-clipboard/-/ckeditor5-clipboard-35.2.0.tgz",
      "integrity": "sha512-1bYG0kES9A6Ue7g0KzGGgvOa4rWtSAsBZbYHf64IxdbAuXx0Gl7OVtSzwVEm21n/yHSIKME6hwegnnphmAdU5w==",
      "dependencies": {
        "@ckeditor/ckeditor5-core": "^35.2.0",
        "@ckeditor/ckeditor5-engine": "^35.2.0",
        "@ckeditor/ckeditor5-utils": "^35.2.0",
        "@ckeditor/ckeditor5-widget": "^35.2.0",
        "lodash-es": "^4.17.11"
      },
      "engines": {
        "node": ">=14.0.0",
        "npm": ">=5.7.1"
      }
    },
    "node_modules/@ckeditor/ckeditor5-cloud-services": {
      "version": "35.2.0",
      "resolved": "https://registry.npmjs.org/@ckeditor/ckeditor5-cloud-services/-/ckeditor5-cloud-services-35.2.0.tgz",
      "integrity": "sha512-OYfR0gwUt18/iGp3KOLU9LKfbPEacASvo8I2KL9l93aOje4k62kbha6KNYyA+ulP5qc3SseefoNpNUffB9RcXQ==",
      "dependencies": {
        "ckeditor5": "^35.2.0"
      },
      "engines": {
        "node": ">=14.0.0",
        "npm": ">=5.7.1"
      }
    },
    "node_modules/@ckeditor/ckeditor5-core": {
      "version": "35.2.0",
      "resolved": "https://registry.npmjs.org/@ckeditor/ckeditor5-core/-/ckeditor5-core-35.2.0.tgz",
      "integrity": "sha512-3LVCTRNw+mkjwCQwvd1tiZCISFqpwgyRYQfzkg7Z50qkc4WNC6LJK8JDsSVgL5U13US/Vwm5lrwk30kZXNXYMw==",
      "dependencies": {
        "@ckeditor/ckeditor5-engine": "^35.2.0",
        "@ckeditor/ckeditor5-ui": "^35.2.0",
        "@ckeditor/ckeditor5-utils": "^35.2.0",
        "lodash-es": "^4.17.15"
      },
      "engines": {
        "node": ">=14.0.0",
        "npm": ">=5.7.1"
      }
    },
    "node_modules/@ckeditor/ckeditor5-easy-image": {
      "version": "35.2.0",
      "resolved": "https://registry.npmjs.org/@ckeditor/ckeditor5-easy-image/-/ckeditor5-easy-image-35.2.0.tgz",
      "integrity": "sha512-+yhmj9vn/SIQ8KWBLYxrexWdzYiXwgCvSIhAOw3HJmHDKyF7sAGWaaNR9cMlehxS+8VjcWi2mytcRBB92zhvZQ==",
      "dependencies": {
        "ckeditor5": "^35.2.0"
      },
      "engines": {
        "node": ">=14.0.0",
        "npm": ">=5.7.1"
      }
    },
    "node_modules/@ckeditor/ckeditor5-editor-classic": {
      "version": "35.2.0",
      "resolved": "https://registry.npmjs.org/@ckeditor/ckeditor5-editor-classic/-/ckeditor5-editor-classic-35.2.0.tgz",
      "integrity": "sha512-bCKuzaTSIxjIhzJsOiA3uqKluTE/xf6ojwxmjy7pmf6QEjC3ZGjjFbaOc7873DP2LM46cpcTMWVqkdxpbD604Q==",
      "dependencies": {
        "ckeditor5": "^35.2.0",
        "lodash-es": "^4.17.15"
      },
      "engines": {
        "node": ">=14.0.0",
        "npm": ">=5.7.1"
      }
    },
    "node_modules/@ckeditor/ckeditor5-engine": {
      "version": "35.2.0",
      "resolved": "https://registry.npmjs.org/@ckeditor/ckeditor5-engine/-/ckeditor5-engine-35.2.0.tgz",
      "integrity": "sha512-E7PHul1/EqFS9uzhfR5dWKUNBO8FLsrx78rYt5fc2ZS7+YQliO/ybuoGxGZYmdvBcgUcpXGE9GcrobQ/t2BpVg==",
      "dependencies": {
        "@ckeditor/ckeditor5-utils": "^35.2.0",
        "lodash-es": "^4.17.15"
      },
      "engines": {
        "node": ">=14.0.0",
        "npm": ">=5.7.1"
      }
    },
    "node_modules/@ckeditor/ckeditor5-enter": {
      "version": "35.2.0",
      "resolved": "https://registry.npmjs.org/@ckeditor/ckeditor5-enter/-/ckeditor5-enter-35.2.0.tgz",
      "integrity": "sha512-HUxBOknOuGFxeaobf3OJ1rF56GwOhg2483OZ+TRiqfsd5Ns5K2w6KGSJVqdaNbf5qQBLSbcWJ9ThQB/KmZjnPA==",
      "dependencies": {
        "@ckeditor/ckeditor5-core": "^35.2.0",
        "@ckeditor/ckeditor5-engine": "^35.2.0",
        "@ckeditor/ckeditor5-utils": "^35.2.0"
      },
      "engines": {
        "node": ">=14.0.0",
        "npm": ">=5.7.1"
      }
    },
    "node_modules/@ckeditor/ckeditor5-essentials": {
      "version": "35.2.0",
      "resolved": "https://registry.npmjs.org/@ckeditor/ckeditor5-essentials/-/ckeditor5-essentials-35.2.0.tgz",
      "integrity": "sha512-5G2tq5Rm54vfBpgYEMvpw5VKrAJvUXEGFhKKxcsqTuAKs5jaXforg/Jq0IyUtO0OtU78mw8Z8ZsNzsjHirFyGw==",
      "dependencies": {
        "ckeditor5": "^35.2.0"
      },
      "engines": {
        "node": ">=14.0.0",
        "npm": ">=5.7.1"
      }
    },
    "node_modules/@ckeditor/ckeditor5-heading": {
      "version": "35.2.0",
      "resolved": "https://registry.npmjs.org/@ckeditor/ckeditor5-heading/-/ckeditor5-heading-35.2.0.tgz",
      "integrity": "sha512-HSGPEkmZCoQwIwzWfU1+ZhidBN8nfXUq7eMfHm/RIctTI82IlAPKEM0dTnjByf51m2v4PZU5m13RsUJLnbs6TA==",
      "dependencies": {
        "ckeditor5": "^35.2.0"
      },
      "engines": {
        "node": ">=14.0.0",
        "npm": ">=5.7.1"
      }
    },
    "node_modules/@ckeditor/ckeditor5-image": {
      "version": "35.2.0",
      "resolved": "https://registry.npmjs.org/@ckeditor/ckeditor5-image/-/ckeditor5-image-35.2.0.tgz",
      "integrity": "sha512-u66YptvOxIFiYXe7Ld1AbcYdz//Am6+g//3tH/UOac2w8Js5gk2VtudFsmOkFdU/GWumBfKwNYrPSGRkMXTAOg==",
      "dependencies": {
        "@ckeditor/ckeditor5-ui": "^35.2.0",
        "ckeditor5": "^35.2.0",
        "lodash-es": "^4.17.15"
      },
      "engines": {
        "node": ">=14.0.0",
        "npm": ">=5.7.1"
      }
    },
    "node_modules/@ckeditor/ckeditor5-indent": {
      "version": "35.2.0",
      "resolved": "https://registry.npmjs.org/@ckeditor/ckeditor5-indent/-/ckeditor5-indent-35.2.0.tgz",
      "integrity": "sha512-NbDcmnU5EywKrFbjNK+14+ThfdZEkYd0wPlNmD9a+bV+gi5disro3qdkbkqNCayuaTWZZFlTnlQVYSY1I53PWA==",
      "dependencies": {
        "ckeditor5": "^35.2.0"
      },
      "engines": {
        "node": ">=14.0.0",
        "npm": ">=5.7.1"
      }
    },
    "node_modules/@ckeditor/ckeditor5-link": {
      "version": "35.2.0",
      "resolved": "https://registry.npmjs.org/@ckeditor/ckeditor5-link/-/ckeditor5-link-35.2.0.tgz",
      "integrity": "sha512-hLHe/Ujti4jAwxk/7Ax61IdPieceRdDQ7g/ZiDOt/ONhayzI6lyxfTW+SBiijsFs5ArgFZVnDUBF9CK0MKGl2A==",
      "dependencies": {
        "@ckeditor/ckeditor5-ui": "^35.2.0",
        "ckeditor5": "^35.2.0",
        "lodash-es": "^4.17.15"
      },
      "engines": {
        "node": ">=14.0.0",
        "npm": ">=5.7.1"
      }
    },
    "node_modules/@ckeditor/ckeditor5-list": {
      "version": "35.2.0",
      "resolved": "https://registry.npmjs.org/@ckeditor/ckeditor5-list/-/ckeditor5-list-35.2.0.tgz",
      "integrity": "sha512-gXIfAkdO+93bkSs2w/yE6RQ4foxfNR0zthHdfbg4wN4o8IWyvMctqX7CgupkGD8VBJZ+q7jQpjOnN2FoGKIlZQ==",
      "dependencies": {
        "@ckeditor/ckeditor5-ui": "^35.2.0",
        "ckeditor5": "^35.2.0"
      },
      "engines": {
        "node": ">=14.0.0",
        "npm": ">=5.7.1"
      }
    },
    "node_modules/@ckeditor/ckeditor5-media-embed": {
      "version": "35.2.0",
      "resolved": "https://registry.npmjs.org/@ckeditor/ckeditor5-media-embed/-/ckeditor5-media-embed-35.2.0.tgz",
      "integrity": "sha512-OVNEmK/sEYyWAw2vfxfz0oQwk/WypKyKyiTJ9j6nyRBBg0fYzCIEl6AYwBtI7VN+sH6GOMW/45FcBu+AXalsMw==",
      "dependencies": {
        "@ckeditor/ckeditor5-ui": "^35.2.0",
        "ckeditor5": "^35.2.0"
      },
      "engines": {
        "node": ">=14.0.0",
        "npm": ">=5.7.1"
      }
    },
    "node_modules/@ckeditor/ckeditor5-paragraph": {
      "version": "35.2.0",
      "resolved": "https://registry.npmjs.org/@ckeditor/ckeditor5-paragraph/-/ckeditor5-paragraph-35.2.0.tgz",
      "integrity": "sha512-alM4bCJAKZ8SBHdfRLJ+dhZRua49CGa3mCvDf8ASxixfr/ssbMtlBxNczi/Mq4Py8q1PIhKfKnOg8o/Dd+PrBA==",
      "dependencies": {
        "@ckeditor/ckeditor5-core": "^35.2.0",
        "@ckeditor/ckeditor5-ui": "^35.2.0",
        "@ckeditor/ckeditor5-utils": "^35.2.0"
      },
      "engines": {
        "node": ">=14.0.0",
        "npm": ">=5.7.1"
      }
    },
    "node_modules/@ckeditor/ckeditor5-paste-from-office": {
      "version": "35.2.0",
      "resolved": "https://registry.npmjs.org/@ckeditor/ckeditor5-paste-from-office/-/ckeditor5-paste-from-office-35.2.0.tgz",
      "integrity": "sha512-2g3b0+jEd0lN72gj6q6IgrSfqXqvEAAd9FOZcPhrUucEbk9CvagWtaIo2qA2ozuSxBX9Mf8wXyHDdKZP/sZUYg==",
      "dependencies": {
        "ckeditor5": "^35.2.0"
      },
      "engines": {
        "node": ">=14.0.0",
        "npm": ">=5.7.1"
      }
    },
    "node_modules/@ckeditor/ckeditor5-select-all": {
      "version": "35.2.0",
      "resolved": "https://registry.npmjs.org/@ckeditor/ckeditor5-select-all/-/ckeditor5-select-all-35.2.0.tgz",
      "integrity": "sha512-am7uJL7kj09rvkSMJ+DtQ4ctJWf8ze3JaFciQnmKj9herKPexRUB+Gzh9Ciz4KnR5nqx1SmYR7DRs2yEIALWQA==",
      "dependencies": {
        "@ckeditor/ckeditor5-core": "^35.2.0",
        "@ckeditor/ckeditor5-ui": "^35.2.0",
        "@ckeditor/ckeditor5-utils": "^35.2.0"
      },
      "engines": {
        "node": ">=14.0.0",
        "npm": ">=5.7.1"
      }
    },
    "node_modules/@ckeditor/ckeditor5-table": {
      "version": "35.2.0",
      "resolved": "https://registry.npmjs.org/@ckeditor/ckeditor5-table/-/ckeditor5-table-35.2.0.tgz",
      "integrity": "sha512-zXA4YaGQdt7y1DwZYVna3x9Eoh8HFccFhwh6UCuMLFrCQHuIerlezppa4pF9kblxz3AC6Yz7XfjzKCI8V5d3NQ==",
      "dependencies": {
        "ckeditor5": "^35.2.0",
        "lodash-es": "^4.17.15"
      },
      "engines": {
        "node": ">=14.0.0",
        "npm": ">=5.7.1"
      }
    },
    "node_modules/@ckeditor/ckeditor5-typing": {
      "version": "35.2.0",
      "resolved": "https://registry.npmjs.org/@ckeditor/ckeditor5-typing/-/ckeditor5-typing-35.2.0.tgz",
      "integrity": "sha512-085zwrKE060AYMCR+Tw1r1WrMcN1SfDtZZ6W6SO14aHNWgTHAlctldnGsbV+tR9FHGRVWJRdCD1WIHjCoX/bag==",
      "dependencies": {
        "@ckeditor/ckeditor5-core": "^35.2.0",
        "@ckeditor/ckeditor5-engine": "^35.2.0",
        "@ckeditor/ckeditor5-utils": "^35.2.0",
        "lodash-es": "^4.17.15"
      },
      "engines": {
        "node": ">=14.0.0",
        "npm": ">=5.7.1"
      }
    },
    "node_modules/@ckeditor/ckeditor5-ui": {
      "version": "35.2.0",
      "resolved": "https://registry.npmjs.org/@ckeditor/ckeditor5-ui/-/ckeditor5-ui-35.2.0.tgz",
      "integrity": "sha512-Sc6YFYnxw0X4AqNB5/3G83uUkurzlFORksNKS1+lBOusV4OLQkhuxW3wIjjJ8LPBOMAxiTyhKVDSbK42JO6S/w==",
      "dependencies": {
        "@ckeditor/ckeditor5-core": "^35.2.0",
        "@ckeditor/ckeditor5-utils": "^35.2.0",
        "lodash-es": "^4.17.15"
      },
      "engines": {
        "node": ">=14.0.0",
        "npm": ">=5.7.1"
      }
    },
    "node_modules/@ckeditor/ckeditor5-undo": {
      "version": "35.2.0",
      "resolved": "https://registry.npmjs.org/@ckeditor/ckeditor5-undo/-/ckeditor5-undo-35.2.0.tgz",
      "integrity": "sha512-wO/u7jhIwvh/Wi8tExQDKlLLSeGJf/sxjHx8qQFl3xjrdQAeQIhrylhl3GKb5cgfn0KSnoCmcpibI1U6zuerfg==",
      "dependencies": {
        "@ckeditor/ckeditor5-core": "^35.2.0",
        "@ckeditor/ckeditor5-engine": "^35.2.0",
        "@ckeditor/ckeditor5-ui": "^35.2.0"
      },
      "engines": {
        "node": ">=14.0.0",
        "npm": ">=5.7.1"
      }
    },
    "node_modules/@ckeditor/ckeditor5-upload": {
      "version": "35.2.0",
      "resolved": "https://registry.npmjs.org/@ckeditor/ckeditor5-upload/-/ckeditor5-upload-35.2.0.tgz",
      "integrity": "sha512-P7eG8z0K+G95+1VqADqvBFZYHd3+rzwrfB0QMO/dmyGTL+8H5TKLksHjA2GBPwn9FH0GpCAUaR58z9UvIUyPVA==",
      "dependencies": {
        "@ckeditor/ckeditor5-core": "^35.2.0",
        "@ckeditor/ckeditor5-ui": "^35.2.0",
        "@ckeditor/ckeditor5-utils": "^35.2.0"
      },
      "engines": {
        "node": ">=14.0.0",
        "npm": ">=5.7.1"
      }
    },
    "node_modules/@ckeditor/ckeditor5-utils": {
      "version": "35.2.0",
      "resolved": "https://registry.npmjs.org/@ckeditor/ckeditor5-utils/-/ckeditor5-utils-35.2.0.tgz",
      "integrity": "sha512-SmSjGKklDCArA1xT8ZE16CIPyMk+/Gr5sDkPoKX9ZfOqRXHlhYhEjRJFkppxAGQ3fmn3E2bevFUQpLeM3l1wKQ==",
      "dependencies": {
        "lodash-es": "^4.17.15"
      },
      "engines": {
        "node": ">=14.0.0",
        "npm": ">=5.7.1"
      }
    },
    "node_modules/@ckeditor/ckeditor5-widget": {
      "version": "35.2.0",
      "resolved": "https://registry.npmjs.org/@ckeditor/ckeditor5-widget/-/ckeditor5-widget-35.2.0.tgz",
      "integrity": "sha512-1I0Mul/dSNFbyZuAt5v2GAMlelq3gMvlF5OT+GwWxIAK5I/GRDDmJ8mVVDwrnCPRmfotq5eqvzaGYb4C79DReA==",
      "dependencies": {
        "@ckeditor/ckeditor5-core": "^35.2.0",
        "@ckeditor/ckeditor5-engine": "^35.2.0",
        "@ckeditor/ckeditor5-enter": "^35.2.0",
        "@ckeditor/ckeditor5-typing": "^35.2.0",
        "@ckeditor/ckeditor5-ui": "^35.2.0",
        "@ckeditor/ckeditor5-utils": "^35.2.0",
        "lodash-es": "^4.17.15"
      },
      "engines": {
        "node": ">=14.0.0",
        "npm": ">=5.7.1"
      }
    },
    "node_modules/ckeditor5": {
      "version": "35.2.0",
      "resolved": "https://registry.npmjs.org/ckeditor5/-/ckeditor5-35.2.0.tgz",
      "integrity": "sha512-2Sy2q4SPPR6hgzLgXg7BylT0gFwoLqwrtI1gBYi8ZVI4MlAyOf5uPG/QtNu4+2NHBAqIDV0fnys/YSq0aTTYIQ==",
      "dependencies": {
        "@ckeditor/ckeditor5-clipboard": "^35.2.0",
        "@ckeditor/ckeditor5-core": "^35.2.0",
        "@ckeditor/ckeditor5-engine": "^35.2.0",
        "@ckeditor/ckeditor5-enter": "^35.2.0",
        "@ckeditor/ckeditor5-paragraph": "^35.2.0",
        "@ckeditor/ckeditor5-select-all": "^35.2.0",
        "@ckeditor/ckeditor5-typing": "^35.2.0",
        "@ckeditor/ckeditor5-ui": "^35.2.0",
        "@ckeditor/ckeditor5-undo": "^35.2.0",
        "@ckeditor/ckeditor5-upload": "^35.2.0",
        "@ckeditor/ckeditor5-utils": "^35.2.0",
        "@ckeditor/ckeditor5-widget": "^35.2.0"
      },
      "engines": {
        "node": ">=14.0.0",
        "npm": ">=5.7.1"
      }
    },
    "node_modules/lodash-es": {
      "version": "4.17.21",
      "resolved": "https://registry.npmjs.org/lodash-es/-/lodash-es-4.17.21.tgz",
      "integrity": "sha512-mKnC+QJ9pWVzv+C4/U3rRsHapFfHvQFoFB92e52xeyGMcX6/OlIl78je1u8vePzYZSkkogMPJ2yjxxsb89cxyw=="
    }
  },
  "dependencies": {
    "@ckeditor/ckeditor5-adapter-ckfinder": {
      "version": "35.2.0",
      "resolved": "https://registry.npmjs.org/@ckeditor/ckeditor5-adapter-ckfinder/-/ckeditor5-adapter-ckfinder-35.2.0.tgz",
      "integrity": "sha512-eSILBKbyigz1IGmxHjKJ1ZNQPTHUfUwILsJwSrqgx7j31lG1bEsj6U4H+pU+NCJhWh2J7wDhEegDGNZfSBDxCw==",
      "requires": {
        "ckeditor5": "^35.2.0"
      }
    },
    "@ckeditor/ckeditor5-autoformat": {
      "version": "35.2.0",
      "resolved": "https://registry.npmjs.org/@ckeditor/ckeditor5-autoformat/-/ckeditor5-autoformat-35.2.0.tgz",
      "integrity": "sha512-bV6LjT9oNx8Y65Gdgw6VjbWiY2At//m1lP8yMTCzBex8H1RzhlCun2JUnG5HNpWsZi9N7I0VzgMmxSKD8vw2/Q==",
      "requires": {
        "ckeditor5": "^35.2.0"
      }
    },
    "@ckeditor/ckeditor5-basic-styles": {
      "version": "35.2.0",
      "resolved": "https://registry.npmjs.org/@ckeditor/ckeditor5-basic-styles/-/ckeditor5-basic-styles-35.2.0.tgz",
      "integrity": "sha512-9Egcqh5M2fOCX1bScZEvtXsRSsB0k1Ly+KJ28T+y2C//DvmLi0ZG5Bj3cRpczlkdDql/xBDvgBdeHe5o7AEBnw==",
      "requires": {
        "ckeditor5": "^35.2.0"
      }
    },
    "@ckeditor/ckeditor5-block-quote": {
      "version": "35.2.0",
      "resolved": "https://registry.npmjs.org/@ckeditor/ckeditor5-block-quote/-/ckeditor5-block-quote-35.2.0.tgz",
      "integrity": "sha512-gomsgzZazciKAE2KZJk2DP4DGWqCeRFJVRu3t81Zv0gJ65Ktse1mZ1lMoEF86gBh4d1KZinporCkTVhdS4Ivqg==",
      "requires": {
        "ckeditor5": "^35.2.0"
      }
    },
    "@ckeditor/ckeditor5-build-classic": {
      "version": "35.2.0",
      "resolved": "https://registry.npmjs.org/@ckeditor/ckeditor5-build-classic/-/ckeditor5-build-classic-35.2.0.tgz",
      "integrity": "sha512-LTMwjrwdlcKJByMvOBSoWAUfkc39ClvrrRIjc6/Uj0mFv5XhyhIspegiMkIGRTjg5opzitY1GDLXygC3/WR6bQ==",
      "requires": {
        "@ckeditor/ckeditor5-adapter-ckfinder": "^35.2.0",
        "@ckeditor/ckeditor5-autoformat": "^35.2.0",
        "@ckeditor/ckeditor5-basic-styles": "^35.2.0",
        "@ckeditor/ckeditor5-block-quote": "^35.2.0",
        "@ckeditor/ckeditor5-ckbox": "^35.2.0",
        "@ckeditor/ckeditor5-ckfinder": "^35.2.0",
        "@ckeditor/ckeditor5-cloud-services": "^35.2.0",
        "@ckeditor/ckeditor5-easy-image": "^35.2.0",
        "@ckeditor/ckeditor5-editor-classic": "^35.2.0",
        "@ckeditor/ckeditor5-essentials": "^35.2.0",
        "@ckeditor/ckeditor5-heading": "^35.2.0",
        "@ckeditor/ckeditor5-image": "^35.2.0",
        "@ckeditor/ckeditor5-indent": "^35.2.0",
        "@ckeditor/ckeditor5-link": "^35.2.0",
        "@ckeditor/ckeditor5-list": "^35.2.0",
        "@ckeditor/ckeditor5-media-embed": "^35.2.0",
        "@ckeditor/ckeditor5-paragraph": "^35.2.0",
        "@ckeditor/ckeditor5-paste-from-office": "^35.2.0",
        "@ckeditor/ckeditor5-table": "^35.2.0",
        "@ckeditor/ckeditor5-typing": "^35.2.0"
      }
    },
    "@ckeditor/ckeditor5-ckbox": {
      "version": "35.2.0",
      "resolved": "https://registry.npmjs.org/@ckeditor/ckeditor5-ckbox/-/ckeditor5-ckbox-35.2.0.tgz",
      "integrity": "sha512-hmr5gSoa6n+7oJnW1CdrpqU47SJ9CxKVj0IiCFB07E/5AvtfFofWz5c+1FerX+u+nRzmsq94/vNMxqve57c9uA==",
      "requires": {
        "ckeditor5": "^35.2.0"
      }
    },
    "@ckeditor/ckeditor5-ckfinder": {
      "version": "35.2.0",
      "resolved": "https://registry.npmjs.org/@ckeditor/ckeditor5-ckfinder/-/ckeditor5-ckfinder-35.2.0.tgz",
      "integrity": "sha512-Xf/MlqEZEhp9xxrauGsFKa6MbYX0C7E6IYpR7UvP+IkRcpNJi1uKZHDvfPdfV30+X+aOPNePOyV9s5tdgteKkQ==",
      "requires": {
        "ckeditor5": "^35.2.0"
      }
    },
    "@ckeditor/ckeditor5-clipboard": {
      "version": "35.2.0",
      "resolved": "https://registry.npmjs.org/@ckeditor/ckeditor5-clipboard/-/ckeditor5-clipboard-35.2.0.tgz",
      "integrity": "sha512-1bYG0kES9A6Ue7g0KzGGgvOa4rWtSAsBZbYHf64IxdbAuXx0Gl7OVtSzwVEm21n/yHSIKME6hwegnnphmAdU5w==",
      "requires": {
        "@ckeditor/ckeditor5-core": "^35.2.0",
        "@ckeditor/ckeditor5-engine": "^35.2.0",
        "@ckeditor/ckeditor5-utils": "^35.2.0",
        "@ckeditor/ckeditor5-widget": "^35.2.0",
        "lodash-es": "^4.17.11"
      }
    },
    "@ckeditor/ckeditor5-cloud-services": {
      "version": "35.2.0",
      "resolved": "https://registry.npmjs.org/@ckeditor/ckeditor5-cloud-services/-/ckeditor5-cloud-services-35.2.0.tgz",
      "integrity": "sha512-OYfR0gwUt18/iGp3KOLU9LKfbPEacASvo8I2KL9l93aOje4k62kbha6KNYyA+ulP5qc3SseefoNpNUffB9RcXQ==",
      "requires": {
        "ckeditor5": "^35.2.0"
      }
    },
    "@ckeditor/ckeditor5-core": {
      "version": "35.2.0",
      "resolved": "https://registry.npmjs.org/@ckeditor/ckeditor5-core/-/ckeditor5-core-35.2.0.tgz",
      "integrity": "sha512-3LVCTRNw+mkjwCQwvd1tiZCISFqpwgyRYQfzkg7Z50qkc4WNC6LJK8JDsSVgL5U13US/Vwm5lrwk30kZXNXYMw==",
      "requires": {
        "@ckeditor/ckeditor5-engine": "^35.2.0",
        "@ckeditor/ckeditor5-ui": "^35.2.0",
        "@ckeditor/ckeditor5-utils": "^35.2.0",
        "lodash-es": "^4.17.15"
      }
    },
    "@ckeditor/ckeditor5-easy-image": {
      "version": "35.2.0",
      "resolved": "https://registry.npmjs.org/@ckeditor/ckeditor5-easy-image/-/ckeditor5-easy-image-35.2.0.tgz",
      "integrity": "sha512-+yhmj9vn/SIQ8KWBLYxrexWdzYiXwgCvSIhAOw3HJmHDKyF7sAGWaaNR9cMlehxS+8VjcWi2mytcRBB92zhvZQ==",
      "requires": {
        "ckeditor5": "^35.2.0"
      }
    },
    "@ckeditor/ckeditor5-editor-classic": {
      "version": "35.2.0",
      "resolved": "https://registry.npmjs.org/@ckeditor/ckeditor5-editor-classic/-/ckeditor5-editor-classic-35.2.0.tgz",
      "integrity": "sha512-bCKuzaTSIxjIhzJsOiA3uqKluTE/xf6ojwxmjy7pmf6QEjC3ZGjjFbaOc7873DP2LM46cpcTMWVqkdxpbD604Q==",
      "requires": {
        "ckeditor5": "^35.2.0",
        "lodash-es": "^4.17.15"
      }
    },
    "@ckeditor/ckeditor5-engine": {
      "version": "35.2.0",
      "resolved": "https://registry.npmjs.org/@ckeditor/ckeditor5-engine/-/ckeditor5-engine-35.2.0.tgz",
      "integrity": "sha512-E7PHul1/EqFS9uzhfR5dWKUNBO8FLsrx78rYt5fc2ZS7+YQliO/ybuoGxGZYmdvBcgUcpXGE9GcrobQ/t2BpVg==",
      "requires": {
        "@ckeditor/ckeditor5-utils": "^35.2.0",
        "lodash-es": "^4.17.15"
      }
    },
    "@ckeditor/ckeditor5-enter": {
      "version": "35.2.0",
      "resolved": "https://registry.npmjs.org/@ckeditor/ckeditor5-enter/-/ckeditor5-enter-35.2.0.tgz",
      "integrity": "sha512-HUxBOknOuGFxeaobf3OJ1rF56GwOhg2483OZ+TRiqfsd5Ns5K2w6KGSJVqdaNbf5qQBLSbcWJ9ThQB/KmZjnPA==",
      "requires": {
        "@ckeditor/ckeditor5-core": "^35.2.0",
        "@ckeditor/ckeditor5-engine": "^35.2.0",
        "@ckeditor/ckeditor5-utils": "^35.2.0"
      }
    },
    "@ckeditor/ckeditor5-essentials": {
      "version": "35.2.0",
      "resolved": "https://registry.npmjs.org/@ckeditor/ckeditor5-essentials/-/ckeditor5-essentials-35.2.0.tgz",
      "integrity": "sha512-5G2tq5Rm54vfBpgYEMvpw5VKrAJvUXEGFhKKxcsqTuAKs5jaXforg/Jq0IyUtO0OtU78mw8Z8ZsNzsjHirFyGw==",
      "requires": {
        "ckeditor5": "^35.2.0"
      }
    },
    "@ckeditor/ckeditor5-heading": {
      "version": "35.2.0",
      "resolved": "https://registry.npmjs.org/@ckeditor/ckeditor5-heading/-/ckeditor5-heading-35.2.0.tgz",
      "integrity": "sha512-HSGPEkmZCoQwIwzWfU1+ZhidBN8nfXUq7eMfHm/RIctTI82IlAPKEM0dTnjByf51m2v4PZU5m13RsUJLnbs6TA==",
      "requires": {
        "ckeditor5": "^35.2.0"
      }
    },
    "@ckeditor/ckeditor5-image": {
      "version": "35.2.0",
      "resolved": "https://registry.npmjs.org/@ckeditor/ckeditor5-image/-/ckeditor5-image-35.2.0.tgz",
      "integrity": "sha512-u66YptvOxIFiYXe7Ld1AbcYdz//Am6+g//3tH/UOac2w8Js5gk2VtudFsmOkFdU/GWumBfKwNYrPSGRkMXTAOg==",
      "requires": {
        "@ckeditor/ckeditor5-ui": "^35.2.0",
        "ckeditor5": "^35.2.0",
        "lodash-es": "^4.17.15"
      }
    },
    "@ckeditor/ckeditor5-indent": {
      "version": "35.2.0",
      "resolved": "https://registry.npmjs.org/@ckeditor/ckeditor5-indent/-/ckeditor5-indent-35.2.0.tgz",
      "integrity": "sha512-NbDcmnU5EywKrFbjNK+14+ThfdZEkYd0wPlNmD9a+bV+gi5disro3qdkbkqNCayuaTWZZFlTnlQVYSY1I53PWA==",
      "requires": {
        "ckeditor5": "^35.2.0"
      }
    },
    "@ckeditor/ckeditor5-link": {
      "version": "35.2.0",
      "resolved": "https://registry.npmjs.org/@ckeditor/ckeditor5-link/-/ckeditor5-link-35.2.0.tgz",
      "integrity": "sha512-hLHe/Ujti4jAwxk/7Ax61IdPieceRdDQ7g/ZiDOt/ONhayzI6lyxfTW+SBiijsFs5ArgFZVnDUBF9CK0MKGl2A==",
      "requires": {
        "@ckeditor/ckeditor5-ui": "^35.2.0",
        "ckeditor5": "^35.2.0",
        "lodash-es": "^4.17.15"
      }
    },
    "@ckeditor/ckeditor5-list": {
      "version": "35.2.0",
      "resolved": "https://registry.npmjs.org/@ckeditor/ckeditor5-list/-/ckeditor5-list-35.2.0.tgz",
      "integrity": "sha512-gXIfAkdO+93bkSs2w/yE6RQ4foxfNR0zthHdfbg4wN4o8IWyvMctqX7CgupkGD8VBJZ+q7jQpjOnN2FoGKIlZQ==",
      "requires": {
        "@ckeditor/ckeditor5-ui": "^35.2.0",
        "ckeditor5": "^35.2.0"
      }
    },
    "@ckeditor/ckeditor5-media-embed": {
      "version": "35.2.0",
      "resolved": "https://registry.npmjs.org/@ckeditor/ckeditor5-media-embed/-/ckeditor5-media-embed-35.2.0.tgz",
      "integrity": "sha512-OVNEmK/sEYyWAw2vfxfz0oQwk/WypKyKyiTJ9j6nyRBBg0fYzCIEl6AYwBtI7VN+sH6GOMW/45FcBu+AXalsMw==",
      "requires": {
        "@ckeditor/ckeditor5-ui": "^35.2.0",
        "ckeditor5": "^35.2.0"
      }
    },
    "@ckeditor/ckeditor5-paragraph": {
      "version": "35.2.0",
      "resolved": "https://registry.npmjs.org/@ckeditor/ckeditor5-paragraph/-/ckeditor5-paragraph-35.2.0.tgz",
      "integrity": "sha512-alM4bCJAKZ8SBHdfRLJ+dhZRua49CGa3mCvDf8ASxixfr/ssbMtlBxNczi/Mq4Py8q1PIhKfKnOg8o/Dd+PrBA==",
      "requires": {
        "@ckeditor/ckeditor5-core": "^35.2.0",
        "@ckeditor/ckeditor5-ui": "^35.2.0",
        "@ckeditor/ckeditor5-utils": "^35.2.0"
      }
    },
    "@ckeditor/ckeditor5-paste-from-office": {
      "version": "35.2.0",
      "resolved": "https://registry.npmjs.org/@ckeditor/ckeditor5-paste-from-office/-/ckeditor5-paste-from-office-35.2.0.tgz",
      "integrity": "sha512-2g3b0+jEd0lN72gj6q6IgrSfqXqvEAAd9FOZcPhrUucEbk9CvagWtaIo2qA2ozuSxBX9Mf8wXyHDdKZP/sZUYg==",
      "requires": {
        "ckeditor5": "^35.2.0"
      }
    },
    "@ckeditor/ckeditor5-select-all": {
      "version": "35.2.0",
      "resolved": "https://registry.npmjs.org/@ckeditor/ckeditor5-select-all/-/ckeditor5-select-all-35.2.0.tgz",
      "integrity": "sha512-am7uJL7kj09rvkSMJ+DtQ4ctJWf8ze3JaFciQnmKj9herKPexRUB+Gzh9Ciz4KnR5nqx1SmYR7DRs2yEIALWQA==",
      "requires": {
        "@ckeditor/ckeditor5-core": "^35.2.0",
        "@ckeditor/ckeditor5-ui": "^35.2.0",
        "@ckeditor/ckeditor5-utils": "^35.2.0"
      }
    },
    "@ckeditor/ckeditor5-table": {
      "version": "35.2.0",
      "resolved": "https://registry.npmjs.org/@ckeditor/ckeditor5-table/-/ckeditor5-table-35.2.0.tgz",
      "integrity": "sha512-zXA4YaGQdt7y1DwZYVna3x9Eoh8HFccFhwh6UCuMLFrCQHuIerlezppa4pF9kblxz3AC6Yz7XfjzKCI8V5d3NQ==",
      "requires": {
        "ckeditor5": "^35.2.0",
        "lodash-es": "^4.17.15"
      }
    },
    "@ckeditor/ckeditor5-typing": {
      "version": "35.2.0",
      "resolved": "https://registry.npmjs.org/@ckeditor/ckeditor5-typing/-/ckeditor5-typing-35.2.0.tgz",
      "integrity": "sha512-085zwrKE060AYMCR+Tw1r1WrMcN1SfDtZZ6W6SO14aHNWgTHAlctldnGsbV+tR9FHGRVWJRdCD1WIHjCoX/bag==",
      "requires": {
        "@ckeditor/ckeditor5-core": "^35.2.0",
        "@ckeditor/ckeditor5-engine": "^35.2.0",
        "@ckeditor/ckeditor5-utils": "^35.2.0",
        "lodash-es": "^4.17.15"
      }
    },
    "@ckeditor/ckeditor5-ui": {
      "version": "35.2.0",
      "resolved": "https://registry.npmjs.org/@ckeditor/ckeditor5-ui/-/ckeditor5-ui-35.2.0.tgz",
      "integrity": "sha512-Sc6YFYnxw0X4AqNB5/3G83uUkurzlFORksNKS1+lBOusV4OLQkhuxW3wIjjJ8LPBOMAxiTyhKVDSbK42JO6S/w==",
      "requires": {
        "@ckeditor/ckeditor5-core": "^35.2.0",
        "@ckeditor/ckeditor5-utils": "^35.2.0",
        "lodash-es": "^4.17.15"
      }
    },
    "@ckeditor/ckeditor5-undo": {
      "version": "35.2.0",
      "resolved": "https://registry.npmjs.org/@ckeditor/ckeditor5-undo/-/ckeditor5-undo-35.2.0.tgz",
      "integrity": "sha512-wO/u7jhIwvh/Wi8tExQDKlLLSeGJf/sxjHx8qQFl3xjrdQAeQIhrylhl3GKb5cgfn0KSnoCmcpibI1U6zuerfg==",
      "requires": {
        "@ckeditor/ckeditor5-core": "^35.2.0",
        "@ckeditor/ckeditor5-engine": "^35.2.0",
        "@ckeditor/ckeditor5-ui": "^35.2.0"
      }
    },
    "@ckeditor/ckeditor5-upload": {
      "version": "35.2.0",
      "resolved": "https://registry.npmjs.org/@ckeditor/ckeditor5-upload/-/ckeditor5-upload-35.2.0.tgz",
      "integrity": "sha512-P7eG8z0K+G95+1VqADqvBFZYHd3+rzwrfB0QMO/dmyGTL+8H5TKLksHjA2GBPwn9FH0GpCAUaR58z9UvIUyPVA==",
      "requires": {
        "@ckeditor/ckeditor5-core": "^35.2.0",
        "@ckeditor/ckeditor5-ui": "^35.2.0",
        "@ckeditor/ckeditor5-utils": "^35.2.0"
      }
    },
    "@ckeditor/ckeditor5-utils": {
      "version": "35.2.0",
      "resolved": "https://registry.npmjs.org/@ckeditor/ckeditor5-utils/-/ckeditor5-utils-35.2.0.tgz",
      "integrity": "sha512-SmSjGKklDCArA1xT8ZE16CIPyMk+/Gr5sDkPoKX9ZfOqRXHlhYhEjRJFkppxAGQ3fmn3E2bevFUQpLeM3l1wKQ==",
      "requires": {
        "lodash-es": "^4.17.15"
      }
    },
    "@ckeditor/ckeditor5-widget": {
      "version": "35.2.0",
      "resolved": "https://registry.npmjs.org/@ckeditor/ckeditor5-widget/-/ckeditor5-widget-35.2.0.tgz",
      "integrity": "sha512-1I0Mul/dSNFbyZuAt5v2GAMlelq3gMvlF5OT+GwWxIAK5I/GRDDmJ8mVVDwrnCPRmfotq5eqvzaGYb4C79DReA==",
      "requires": {
        "@ckeditor/ckeditor5-core": "^35.2.0",
        "@ckeditor/ckeditor5-engine": "^35.2.0",
        "@ckeditor/ckeditor5-enter": "^35.2.0",
        "@ckeditor/ckeditor5-typing": "^35.2.0",
        "@ckeditor/ckeditor5-ui": "^35.2.0",
        "@ckeditor/ckeditor5-utils": "^35.2.0",
        "lodash-es": "^4.17.15"
      }
    },
    "ckeditor5": {
      "version": "35.2.0",
      "resolved": "https://registry.npmjs.org/ckeditor5/-/ckeditor5-35.2.0.tgz",
      "integrity": "sha512-2Sy2q4SPPR6hgzLgXg7BylT0gFwoLqwrtI1gBYi8ZVI4MlAyOf5uPG/QtNu4+2NHBAqIDV0fnys/YSq0aTTYIQ==",
      "requires": {
        "@ckeditor/ckeditor5-clipboard": "^35.2.0",
        "@ckeditor/ckeditor5-core": "^35.2.0",
        "@ckeditor/ckeditor5-engine": "^35.2.0",
        "@ckeditor/ckeditor5-enter": "^35.2.0",
        "@ckeditor/ckeditor5-paragraph": "^35.2.0",
        "@ckeditor/ckeditor5-select-all": "^35.2.0",
        "@ckeditor/ckeditor5-typing": "^35.2.0",
        "@ckeditor/ckeditor5-ui": "^35.2.0",
        "@ckeditor/ckeditor5-undo": "^35.2.0",
        "@ckeditor/ckeditor5-upload": "^35.2.0",
        "@ckeditor/ckeditor5-utils": "^35.2.0",
        "@ckeditor/ckeditor5-widget": "^35.2.0"
      }
    },
    "lodash-es": {
      "version": "4.17.21",
      "resolved": "https://registry.npmjs.org/lodash-es/-/lodash-es-4.17.21.tgz",
      "integrity": "sha512-mKnC+QJ9pWVzv+C4/U3rRsHapFfHvQFoFB92e52xeyGMcX6/OlIl78je1u8vePzYZSkkogMPJ2yjxxsb89cxyw=="
    }
  }
}
